
Microsoft Visual Studio Solution File, Format Version 12.00
# Visual Studio 2015
Project("{FAE04EC0-301F-11D3-BF4B-00C04F79EFBC}") = "Evans_First_App", "Evans_First_App.csproj", "{ED8A82F3-8399-BB7B-5BAC-63CE6A6D7B9F}"
EndProject
Project("{FAE04EC0-301F-11D3-BF4B-00C04F79EFBC}") = "Evans_First_App.Plugins", "Evans_First_App.Plugins.csproj", "{7CABDF3F-4469-8CC9-0462-2F248426C5C4}"
EndProject
Project("{FAE04EC0-301F-11D3-BF4B-00C04F79EFBC}") = "Evans_First_App.Editor.Plugins", "Evans_First_App.Editor.Plugins.csproj", "{A0F063AB-09D0-B5F1-6B6D-2D6244058B6C}"
EndProject
Global
	GlobalSection(SolutionConfigurationPlatforms) = preSolution
		Debug|Any CPU = Debug|Any CPU
		Release|Any CPU = Release|Any CPU
	EndGlobalSection
	GlobalSection(ProjectConfigurationPlatforms) = postSolution
		{ED8A82F3-8399-BB7B-5BAC-63CE6A6D7B9F}.Debug|Any CPU.ActiveCfg = Debug|Any CPU
		{ED8A82F3-8399-BB7B-5BAC-63CE6A6D7B9F}.Debug|Any CPU.Build.0 = Debug|Any CPU
		{ED8A82F3-8399-BB7B-5BAC-63CE6A6D7B9F}.Release|Any CPU.ActiveCfg = Release|Any CPU
		{ED8A82F3-8399-BB7B-5BAC-63CE6A6D7B9F}.Release|Any CPU.Build.0 = Release|Any CPU
		{7CABDF3F-4469-8CC9-0462-2F248426C5C4}.Debug|Any CPU.ActiveCfg = Debug|Any CPU
		{7CABDF3F-4469-8CC9-0462-2F248426C5C4}.Debug|Any CPU.Build.0 = Debug|Any CPU
		{7CABDF3F-4469-8CC9-0462-2F248426C5C4}.Release|Any CPU.ActiveCfg = Release|Any CPU
		{7CABDF3F-4469-8CC9-0462-2F248426C5C4}.Release|Any CPU.Build.0 = Release|Any CPU
		{A0F063AB-09D0-B5F1-6B6D-2D6244058B6C}.Debug|Any CPU.ActiveCfg = Debug|Any CPU
		{A0F063AB-09D0-B5F1-6B6D-2D6244058B6C}.Debug|Any CPU.Build.0 = Debug|Any CPU
		{A0F063AB-09D0-B5F1-6B6D-2D6244058B6C}.Release|Any CPU.ActiveCfg = Release|Any CPU
		{A0F063AB-09D0-B5F1-6B6D-2D6244058B6C}.Release|Any CPU.Build.0 = Release|Any CPU
	EndGlobalSection
	GlobalSection(SolutionProperties) = preSolution
		HideSolutionNode = FALSE
	EndGlobalSection
EndGlobal
